
Microsoft Visual Studio Solution File, Format Version 12.00
# Visual Studio Version 17
VisualStudioVersion = 17.14.36518.9 d17.14
MinimumVisualStudioVersion = 10.0.40219.1
Project("{FAE04EC0-301F-11D3-BF4B-00C04F79EFBC}") = "MittGitProjekt", "MittGitProjekt.csproj", "{CFDF4DAE-F8E7-4EA3-B3CE-8B2C0DE62A93}"
EndProject
Global
	GlobalSection(SolutionConfigurationPlatforms) = preSolution
		Debug|Any CPU = Debug|Any CPU
		Release|Any CPU = Release|Any CPU
	EndGlobalSection
	GlobalSection(ProjectConfigurationPlatforms) = postSolution
		{CFDF4DAE-F8E7-4EA3-B3CE-8B2C0DE62A93}.Debug|Any CPU.ActiveCfg = Debug|Any CPU
		{CFDF4DAE-F8E7-4EA3-B3CE-8B2C0DE62A93}.Debug|Any CPU.Build.0 = Debug|Any CPU
		{CFDF4DAE-F8E7-4EA3-B3CE-8B2C0DE62A93}.Release|Any CPU.ActiveCfg = Release|Any CPU
		{CFDF4DAE-F8E7-4EA3-B3CE-8B2C0DE62A93}.Release|Any CPU.Build.0 = Release|Any CPU
	EndGlobalSection
	GlobalSection(SolutionProperties) = preSolution
		HideSolutionNode = FALSE
	EndGlobalSection
	GlobalSection(ExtensibilityGlobals) = postSolution
		SolutionGuid = {0ACCF477-E6D7-48B8-924A-257995465245}
	EndGlobalSection
EndGlobal
